
Microsoft Visual Studio Solution File, Format Version 12.00
# Visual Studio Version 16
VisualStudioVersion = 16.0.30517.126
MinimumVisualStudioVersion = 10.0.40219.1
Project("{FAE04EC0-301F-11D3-BF4B-00C04F79EFBC}") = "SuperHeroDB1.Client", "SuperHeroDB1\SuperHeroDB1.Client.csproj", "{626EEACC-472C-49E7-9503-478586BB85EA}"
EndProject
Project("{FAE04EC0-301F-11D3-BF4B-00C04F79EFBC}") = "SuperHeroDB1.Server", "SuperHeroDB1.Client\SuperHeroDB1.Server.csproj", "{56EC2E6F-961B-4B82-A024-2C5285F90366}"
EndProject
Global
	GlobalSection(SolutionConfigurationPlatforms) = preSolution
		Debug|Any CPU = Debug|Any CPU
		Release|Any CPU = Release|Any CPU
	EndGlobalSection
	GlobalSection(ProjectConfigurationPlatforms) = postSolution
		{626EEACC-472C-49E7-9503-478586BB85EA}.Debug|Any CPU.ActiveCfg = Debug|Any CPU
		{626EEACC-472C-49E7-9503-478586BB85EA}.Debug|Any CPU.Build.0 = Debug|Any CPU
		{626EEACC-472C-49E7-9503-478586BB85EA}.Release|Any CPU.ActiveCfg = Release|Any CPU
		{626EEACC-472C-49E7-9503-478586BB85EA}.Release|Any CPU.Build.0 = Release|Any CPU
		{56EC2E6F-961B-4B82-A024-2C5285F90366}.Debug|Any CPU.ActiveCfg = Debug|Any CPU
		{56EC2E6F-961B-4B82-A024-2C5285F90366}.Debug|Any CPU.Build.0 = Debug|Any CPU
		{56EC2E6F-961B-4B82-A024-2C5285F90366}.Release|Any CPU.ActiveCfg = Release|Any CPU
		{56EC2E6F-961B-4B82-A024-2C5285F90366}.Release|Any CPU.Build.0 = Release|Any CPU
	EndGlobalSection
	GlobalSection(SolutionProperties) = preSolution
		HideSolutionNode = FALSE
	EndGlobalSection
	GlobalSection(ExtensibilityGlobals) = postSolution
		SolutionGuid = {53473DDD-8BB5-4C90-8662-A65FB903A399}
	EndGlobalSection
EndGlobal
